
Microsoft Visual Studio Solution File, Format Version 12.00
# Visual Studio 2012
Project("{2150E333-8FDC-42A3-9474-1A3956D46DE8}") = "Jabbr.Client", "Jabbr.Client", "{6EC56474-C16A-467D-AF0B-32E2F4484320}"
EndProject
Project("{FAE04EC0-301F-11D3-BF4B-00C04F79EFBC}") = "JabbR.Client.Android", "JabbR\JabbR.Client.Android\JabbR.Client.Android.csproj", "{ECDB1073-5AA0-45B7-A2E6-4F2B9792FBF5}"
EndProject
Project("{FAE04EC0-301F-11D3-BF4B-00C04F79EFBC}") = "JabbR.Client.Store", "JabbR\JabbR.Client.Store\JabbR.Client.Store.csproj", "{72D7DEE9-813F-4E64-952D-F3C203D9FF23}"
EndProject
Project("{FAE04EC0-301F-11D3-BF4B-00C04F79EFBC}") = "SlidingMenuSharp", "SlidingMenuSharp\SlidingMenuSharp\SlidingMenuSharp.csproj", "{555937D8-1533-4D19-A346-55C192C35A5D}"
EndProject
Project("{FAE04EC0-301F-11D3-BF4B-00C04F79EFBC}") = "JabbrMobile.Common.Android", "JabbrMobile.Common.Android\JabbrMobile.Common.Android.csproj", "{67E5F7BC-771D-4113-B3F4-D6DE30D0A983}"
EndProject
Project("{FAE04EC0-301F-11D3-BF4B-00C04F79EFBC}") = "JabbrMobile.Android", "JabbrMobile.UI.Android\JabbrMobile.Android.csproj", "{D270B8EE-80E8-45EF-9739-729370259DB8}"
EndProject
Project("{FAE04EC0-301F-11D3-BF4B-00C04F79EFBC}") = "JabbrMobile.Common.Store", "JabbrMobile.Common.Store\JabbrMobile.Common.Store.csproj", "{95930C7B-05D6-4749-9A5F-10AEF964959F}"
EndProject
Project("{FAE04EC0-301F-11D3-BF4B-00C04F79EFBC}") = "JabbrMobile.Store", "JabbrMobile.Store\JabbrMobile.Store.csproj", "{470A478C-CD99-430F-8D55-6CCB5EF8B1C8}"
EndProject
Project("{FAE04EC0-301F-11D3-BF4B-00C04F79EFBC}") = "LegacyBar.Library", "LegacyBar\LegacyBar.Library\LegacyBar.Library.csproj", "{371657B5-2C38-4D23-B7C1-6C053EB55FB8}"
EndProject
Global
	GlobalSection(SolutionConfigurationPlatforms) = preSolution
		Ad-Hoc|Any CPU = Ad-Hoc|Any CPU
		Ad-Hoc|ARM = Ad-Hoc|ARM
		Ad-Hoc|iPhone = Ad-Hoc|iPhone
		Ad-Hoc|iPhoneSimulator = Ad-Hoc|iPhoneSimulator
		Ad-Hoc|x64 = Ad-Hoc|x64
		Ad-Hoc|x86 = Ad-Hoc|x86
		AppStore|Any CPU = AppStore|Any CPU
		AppStore|ARM = AppStore|ARM
		AppStore|iPhone = AppStore|iPhone
		AppStore|iPhoneSimulator = AppStore|iPhoneSimulator
		AppStore|x64 = AppStore|x64
		AppStore|x86 = AppStore|x86
		Debug|Any CPU = Debug|Any CPU
		Debug|ARM = Debug|ARM
		Debug|iPhone = Debug|iPhone
		Debug|iPhoneSimulator = Debug|iPhoneSimulator
		Debug|x64 = Debug|x64
		Debug|x86 = Debug|x86
		Release|Any CPU = Release|Any CPU
		Release|ARM = Release|ARM
		Release|iPhone = Release|iPhone
		Release|iPhoneSimulator = Release|iPhoneSimulator
		Release|x64 = Release|x64
		Release|x86 = Release|x86
	EndGlobalSection
	GlobalSection(ProjectConfigurationPlatforms) = postSolution
		{371657B5-2C38-4D23-B7C1-6C053EB55FB8}.Ad-Hoc|Any CPU.ActiveCfg = Release|Any CPU
		{371657B5-2C38-4D23-B7C1-6C053EB55FB8}.Ad-Hoc|Any CPU.Build.0 = Release|Any CPU
		{371657B5-2C38-4D23-B7C1-6C053EB55FB8}.Ad-Hoc|ARM.ActiveCfg = Release|Any CPU
		{371657B5-2C38-4D23-B7C1-6C053EB55FB8}.Ad-Hoc|ARM.Build.0 = Release|Any CPU
		{371657B5-2C38-4D23-B7C1-6C053EB55FB8}.Ad-Hoc|iPhone.ActiveCfg = Debug|Any CPU
		{371657B5-2C38-4D23-B7C1-6C053EB55FB8}.Ad-Hoc|iPhone.Build.0 = Debug|Any CPU
		{371657B5-2C38-4D23-B7C1-6C053EB55FB8}.Ad-Hoc|iPhoneSimulator.ActiveCfg = Debug|Any CPU
		{371657B5-2C38-4D23-B7C1-6C053EB55FB8}.Ad-Hoc|iPhoneSimulator.Build.0 = Debug|Any CPU
		{371657B5-2C38-4D23-B7C1-6C053EB55FB8}.Ad-Hoc|x64.ActiveCfg = Release|Any CPU
		{371657B5-2C38-4D23-B7C1-6C053EB55FB8}.Ad-Hoc|x64.Build.0 = Release|Any CPU
		{371657B5-2C38-4D23-B7C1-6C053EB55FB8}.Ad-Hoc|x86.ActiveCfg = Release|Any CPU
		{371657B5-2C38-4D23-B7C1-6C053EB55FB8}.Ad-Hoc|x86.Build.0 = Release|Any CPU
		{371657B5-2C38-4D23-B7C1-6C053EB55FB8}.AppStore|Any CPU.ActiveCfg = Release|Any CPU
		{371657B5-2C38-4D23-B7C1-6C053EB55FB8}.AppStore|Any CPU.Build.0 = Release|Any CPU
		{371657B5-2C38-4D23-B7C1-6C053EB55FB8}.AppStore|ARM.ActiveCfg = Release|Any CPU
		{371657B5-2C38-4D23-B7C1-6C053EB55FB8}.AppStore|ARM.Build.0 = Release|Any CPU
		{371657B5-2C38-4D23-B7C1-6C053EB55FB8}.AppStore|iPhone.ActiveCfg = Debug|Any CPU
		{371657B5-2C38-4D23-B7C1-6C053EB55FB8}.AppStore|iPhone.Build.0 = Debug|Any CPU
		{371657B5-2C38-4D23-B7C1-6C053EB55FB8}.AppStore|iPhoneSimulator.ActiveCfg = Debug|Any CPU
		{371657B5-2C38-4D23-B7C1-6C053EB55FB8}.AppStore|iPhoneSimulator.Build.0 = Debug|Any CPU
		{371657B5-2C38-4D23-B7C1-6C053EB55FB8}.AppStore|x64.ActiveCfg = Release|Any CPU
		{371657B5-2C38-4D23-B7C1-6C053EB55FB8}.AppStore|x64.Build.0 = Release|Any CPU
		{371657B5-2C38-4D23-B7C1-6C053EB55FB8}.AppStore|x86.ActiveCfg = Release|Any CPU
		{371657B5-2C38-4D23-B7C1-6C053EB55FB8}.AppStore|x86.Build.0 = Release|Any CPU
		{371657B5-2C38-4D23-B7C1-6C053EB55FB8}.Debug|Any CPU.ActiveCfg = Debug|Any CPU
		{371657B5-2C38-4D23-B7C1-6C053EB55FB8}.Debug|Any CPU.Build.0 = Debug|Any CPU
		{371657B5-2C38-4D23-B7C1-6C053EB55FB8}.Debug|ARM.ActiveCfg = Debug|Any CPU
		{371657B5-2C38-4D23-B7C1-6C053EB55FB8}.Debug|ARM.Build.0 = Debug|Any CPU
		{371657B5-2C38-4D23-B7C1-6C053EB55FB8}.Debug|iPhone.ActiveCfg = Debug|Any CPU
		{371657B5-2C38-4D23-B7C1-6C053EB55FB8}.Debug|iPhone.Build.0 = Debug|Any CPU
		{371657B5-2C38-4D23-B7C1-6C053EB55FB8}.Debug|iPhoneSimulator.ActiveCfg = Debug|Any CPU
		{371657B5-2C38-4D23-B7C1-6C053EB55FB8}.Debug|iPhoneSimulator.Build.0 = Debug|Any CPU
		{371657B5-2C38-4D23-B7C1-6C053EB55FB8}.Debug|x64.ActiveCfg = Debug|Any CPU
		{371657B5-2C38-4D23-B7C1-6C053EB55FB8}.Debug|x64.Build.0 = Debug|Any CPU
		{371657B5-2C38-4D23-B7C1-6C053EB55FB8}.Debug|x86.ActiveCfg = Debug|Any CPU
		{371657B5-2C38-4D23-B7C1-6C053EB55FB8}.Debug|x86.Build.0 = Debug|Any CPU
		{371657B5-2C38-4D23-B7C1-6C053EB55FB8}.Release|Any CPU.ActiveCfg = Release|Any CPU
		{371657B5-2C38-4D23-B7C1-6C053EB55FB8}.Release|Any CPU.Build.0 = Release|Any CPU
		{371657B5-2C38-4D23-B7C1-6C053EB55FB8}.Release|ARM.ActiveCfg = Release|Any CPU
		{371657B5-2C38-4D23-B7C1-6C053EB55FB8}.Release|ARM.Build.0 = Release|Any CPU
		{371657B5-2C38-4D23-B7C1-6C053EB55FB8}.Release|iPhone.ActiveCfg = Release|Any CPU
		{371657B5-2C38-4D23-B7C1-6C053EB55FB8}.Release|iPhone.Build.0 = Release|Any CPU
		{371657B5-2C38-4D23-B7C1-6C053EB55FB8}.Release|iPhoneSimulator.ActiveCfg = Release|Any CPU
		{371657B5-2C38-4D23-B7C1-6C053EB55FB8}.Release|iPhoneSimulator.Build.0 = Release|Any CPU
		{371657B5-2C38-4D23-B7C1-6C053EB55FB8}.Release|x64.ActiveCfg = Release|Any CPU
		{371657B5-2C38-4D23-B7C1-6C053EB55FB8}.Release|x64.Build.0 = Release|Any CPU
		{371657B5-2C38-4D23-B7C1-6C053EB55FB8}.Release|x86.ActiveCfg = Release|Any CPU
		{371657B5-2C38-4D23-B7C1-6C053EB55FB8}.Release|x86.Build.0 = Release|Any CPU
		{470A478C-CD99-430F-8D55-6CCB5EF8B1C8}.Ad-Hoc|Any CPU.ActiveCfg = Release|Any CPU
		{470A478C-CD99-430F-8D55-6CCB5EF8B1C8}.Ad-Hoc|Any CPU.Build.0 = Release|Any CPU
		{470A478C-CD99-430F-8D55-6CCB5EF8B1C8}.Ad-Hoc|Any CPU.Deploy.0 = Release|Any CPU
		{470A478C-CD99-430F-8D55-6CCB5EF8B1C8}.Ad-Hoc|ARM.ActiveCfg = Release|ARM
		{470A478C-CD99-430F-8D55-6CCB5EF8B1C8}.Ad-Hoc|ARM.Build.0 = Release|ARM
		{470A478C-CD99-430F-8D55-6CCB5EF8B1C8}.Ad-Hoc|ARM.Deploy.0 = Release|ARM
		{470A478C-CD99-430F-8D55-6CCB5EF8B1C8}.Ad-Hoc|iPhone.ActiveCfg = Release|Any CPU
		{470A478C-CD99-430F-8D55-6CCB5EF8B1C8}.Ad-Hoc|iPhoneSimulator.ActiveCfg = Release|Any CPU
		{470A478C-CD99-430F-8D55-6CCB5EF8B1C8}.Ad-Hoc|x64.ActiveCfg = Release|x64
		{470A478C-CD99-430F-8D55-6CCB5EF8B1C8}.Ad-Hoc|x64.Build.0 = Release|x64
		{470A478C-CD99-430F-8D55-6CCB5EF8B1C8}.Ad-Hoc|x64.Deploy.0 = Release|x64
		{470A478C-CD99-430F-8D55-6CCB5EF8B1C8}.Ad-Hoc|x86.ActiveCfg = Release|x86
		{470A478C-CD99-430F-8D55-6CCB5EF8B1C8}.Ad-Hoc|x86.Build.0 = Release|x86
		{470A478C-CD99-430F-8D55-6CCB5EF8B1C8}.Ad-Hoc|x86.Deploy.0 = Release|x86
		{470A478C-CD99-430F-8D55-6CCB5EF8B1C8}.AppStore|Any CPU.ActiveCfg = Release|Any CPU
		{470A478C-CD99-430F-8D55-6CCB5EF8B1C8}.AppStore|Any CPU.Build.0 = Release|Any CPU
		{470A478C-CD99-430F-8D55-6CCB5EF8B1C8}.AppStore|Any CPU.Deploy.0 = Release|Any CPU
		{470A478C-CD99-430F-8D55-6CCB5EF8B1C8}.AppStore|ARM.ActiveCfg = Release|ARM
		{470A478C-CD99-430F-8D55-6CCB5EF8B1C8}.AppStore|ARM.Build.0 = Release|ARM
		{470A478C-CD99-430F-8D55-6CCB5EF8B1C8}.AppStore|ARM.Deploy.0 = Release|ARM
		{470A478C-CD99-430F-8D55-6CCB5EF8B1C8}.AppStore|iPhone.ActiveCfg = Release|Any CPU
		{470A478C-CD99-430F-8D55-6CCB5EF8B1C8}.AppStore|iPhoneSimulator.ActiveCfg = Release|Any CPU
		{470A478C-CD99-430F-8D55-6CCB5EF8B1C8}.AppStore|x64.ActiveCfg = Release|x64
		{470A478C-CD99-430F-8D55-6CCB5EF8B1C8}.AppStore|x64.Build.0 = Release|x64
		{470A478C-CD99-430F-8D55-6CCB5EF8B1C8}.AppStore|x64.Deploy.0 = Release|x64
		{470A478C-CD99-430F-8D55-6CCB5EF8B1C8}.AppStore|x86.ActiveCfg = Release|x86
		{470A478C-CD99-430F-8D55-6CCB5EF8B1C8}.AppStore|x86.Build.0 = Release|x86
		{470A478C-CD99-430F-8D55-6CCB5EF8B1C8}.AppStore|x86.Deploy.0 = Release|x86
		{470A478C-CD99-430F-8D55-6CCB5EF8B1C8}.Debug|Any CPU.ActiveCfg = Debug|Any CPU
		{470A478C-CD99-430F-8D55-6CCB5EF8B1C8}.Debug|Any CPU.Build.0 = Debug|Any CPU
		{470A478C-CD99-430F-8D55-6CCB5EF8B1C8}.Debug|Any CPU.Deploy.0 = Debug|Any CPU
		{470A478C-CD99-430F-8D55-6CCB5EF8B1C8}.Debug|ARM.ActiveCfg = Debug|ARM
		{470A478C-CD99-430F-8D55-6CCB5EF8B1C8}.Debug|ARM.Build.0 = Debug|ARM
		{470A478C-CD99-430F-8D55-6CCB5EF8B1C8}.Debug|ARM.Deploy.0 = Debug|ARM
		{470A478C-CD99-430F-8D55-6CCB5EF8B1C8}.Debug|iPhone.ActiveCfg = Debug|Any CPU
		{470A478C-CD99-430F-8D55-6CCB5EF8B1C8}.Debug|iPhoneSimulator.ActiveCfg = Debug|Any CPU
		{470A478C-CD99-430F-8D55-6CCB5EF8B1C8}.Debug|x64.ActiveCfg = Debug|x64
		{470A478C-CD99-430F-8D55-6CCB5EF8B1C8}.Debug|x64.Build.0 = Debug|x64
		{470A478C-CD99-430F-8D55-6CCB5EF8B1C8}.Debug|x64.Deploy.0 = Debug|x64
		{470A478C-CD99-430F-8D55-6CCB5EF8B1C8}.Debug|x86.ActiveCfg = Debug|x86
		{470A478C-CD99-430F-8D55-6CCB5EF8B1C8}.Debug|x86.Build.0 = Debug|x86
		{470A478C-CD99-430F-8D55-6CCB5EF8B1C8}.Debug|x86.Deploy.0 = Debug|x86
		{470A478C-CD99-430F-8D55-6CCB5EF8B1C8}.Release|Any CPU.ActiveCfg = Release|Any CPU
		{470A478C-CD99-430F-8D55-6CCB5EF8B1C8}.Release|Any CPU.Build.0 = Release|Any CPU
		{470A478C-CD99-430F-8D55-6CCB5EF8B1C8}.Release|Any CPU.Deploy.0 = Release|Any CPU
		{470A478C-CD99-430F-8D55-6CCB5EF8B1C8}.Release|ARM.ActiveCfg = Release|ARM
		{470A478C-CD99-430F-8D55-6CCB5EF8B1C8}.Release|ARM.Build.0 = Release|ARM
		{470A478C-CD99-430F-8D55-6CCB5EF8B1C8}.Release|ARM.Deploy.0 = Release|ARM
		{470A478C-CD99-430F-8D55-6CCB5EF8B1C8}.Release|iPhone.ActiveCfg = Release|Any CPU
		{470A478C-CD99-430F-8D55-6CCB5EF8B1C8}.Release|iPhoneSimulator.ActiveCfg = Release|Any CPU
		{470A478C-CD99-430F-8D55-6CCB5EF8B1C8}.Release|x64.ActiveCfg = Release|x64
		{470A478C-CD99-430F-8D55-6CCB5EF8B1C8}.Release|x64.Build.0 = Release|x64
		{470A478C-CD99-430F-8D55-6CCB5EF8B1C8}.Release|x64.Deploy.0 = Release|x64
		{470A478C-CD99-430F-8D55-6CCB5EF8B1C8}.Release|x86.ActiveCfg = Release|x86
		{470A478C-CD99-430F-8D55-6CCB5EF8B1C8}.Release|x86.Build.0 = Release|x86
		{470A478C-CD99-430F-8D55-6CCB5EF8B1C8}.Release|x86.Deploy.0 = Release|x86
		{555937D8-1533-4D19-A346-55C192C35A5D}.Ad-Hoc|Any CPU.ActiveCfg = Release|Any CPU
		{555937D8-1533-4D19-A346-55C192C35A5D}.Ad-Hoc|ARM.ActiveCfg = Release|Any CPU
		{555937D8-1533-4D19-A346-55C192C35A5D}.Ad-Hoc|iPhone.ActiveCfg = Debug|Any CPU
		{555937D8-1533-4D19-A346-55C192C35A5D}.Ad-Hoc|iPhone.Build.0 = Debug|Any CPU
		{555937D8-1533-4D19-A346-55C192C35A5D}.Ad-Hoc|iPhoneSimulator.ActiveCfg = Debug|Any CPU
		{555937D8-1533-4D19-A346-55C192C35A5D}.Ad-Hoc|iPhoneSimulator.Build.0 = Debug|Any CPU
		{555937D8-1533-4D19-A346-55C192C35A5D}.Ad-Hoc|x64.ActiveCfg = Release|Any CPU
		{555937D8-1533-4D19-A346-55C192C35A5D}.Ad-Hoc|x86.ActiveCfg = Release|Any CPU
		{555937D8-1533-4D19-A346-55C192C35A5D}.AppStore|Any CPU.ActiveCfg = Release|Any CPU
		{555937D8-1533-4D19-A346-55C192C35A5D}.AppStore|ARM.ActiveCfg = Release|Any CPU
		{555937D8-1533-4D19-A346-55C192C35A5D}.AppStore|iPhone.ActiveCfg = Debug|Any CPU
		{555937D8-1533-4D19-A346-55C192C35A5D}.AppStore|iPhone.Build.0 = Debug|Any CPU
		{555937D8-1533-4D19-A346-55C192C35A5D}.AppStore|iPhoneSimulator.ActiveCfg = Debug|Any CPU
		{555937D8-1533-4D19-A346-55C192C35A5D}.AppStore|iPhoneSimulator.Build.0 = Debug|Any CPU
		{555937D8-1533-4D19-A346-55C192C35A5D}.AppStore|x64.ActiveCfg = Release|Any CPU
		{555937D8-1533-4D19-A346-55C192C35A5D}.AppStore|x86.ActiveCfg = Release|Any CPU
		{555937D8-1533-4D19-A346-55C192C35A5D}.Debug|Any CPU.ActiveCfg = Debug|Any CPU
		{555937D8-1533-4D19-A346-55C192C35A5D}.Debug|Any CPU.Build.0 = Debug|Any CPU
		{555937D8-1533-4D19-A346-55C192C35A5D}.Debug|ARM.ActiveCfg = Debug|Any CPU
		{555937D8-1533-4D19-A346-55C192C35A5D}.Debug|iPhone.ActiveCfg = Debug|Any CPU
		{555937D8-1533-4D19-A346-55C192C35A5D}.Debug|iPhone.Build.0 = Debug|Any CPU
		{555937D8-1533-4D19-A346-55C192C35A5D}.Debug|iPhoneSimulator.ActiveCfg = Debug|Any CPU
		{555937D8-1533-4D19-A346-55C192C35A5D}.Debug|iPhoneSimulator.Build.0 = Debug|Any CPU
		{555937D8-1533-4D19-A346-55C192C35A5D}.Debug|x64.ActiveCfg = Debug|Any CPU
		{555937D8-1533-4D19-A346-55C192C35A5D}.Debug|x86.ActiveCfg = Debug|Any CPU
		{555937D8-1533-4D19-A346-55C192C35A5D}.Release|Any CPU.ActiveCfg = Release|Any CPU
		{555937D8-1533-4D19-A346-55C192C35A5D}.Release|Any CPU.Build.0 = Release|Any CPU
		{555937D8-1533-4D19-A346-55C192C35A5D}.Release|ARM.ActiveCfg = Release|Any CPU
		{555937D8-1533-4D19-A346-55C192C35A5D}.Release|iPhone.ActiveCfg = Release|Any CPU
		{555937D8-1533-4D19-A346-55C192C35A5D}.Release|iPhone.Build.0 = Release|Any CPU
		{555937D8-1533-4D19-A346-55C192C35A5D}.Release|iPhoneSimulator.ActiveCfg = Release|Any CPU
		{555937D8-1533-4D19-A346-55C192C35A5D}.Release|iPhoneSimulator.Build.0 = Release|Any CPU
		{555937D8-1533-4D19-A346-55C192C35A5D}.Release|x64.ActiveCfg = Release|Any CPU
		{555937D8-1533-4D19-A346-55C192C35A5D}.Release|x86.ActiveCfg = Release|Any CPU
		{67E5F7BC-771D-4113-B3F4-D6DE30D0A983}.Ad-Hoc|Any CPU.ActiveCfg = Release|Any CPU
		{67E5F7BC-771D-4113-B3F4-D6DE30D0A983}.Ad-Hoc|Any CPU.Build.0 = Release|Any CPU
		{67E5F7BC-771D-4113-B3F4-D6DE30D0A983}.Ad-Hoc|ARM.ActiveCfg = Release|Any CPU
		{67E5F7BC-771D-4113-B3F4-D6DE30D0A983}.Ad-Hoc|iPhone.ActiveCfg = Debug|Any CPU
		{67E5F7BC-771D-4113-B3F4-D6DE30D0A983}.Ad-Hoc|iPhone.Build.0 = Debug|Any CPU
		{67E5F7BC-771D-4113-B3F4-D6DE30D0A983}.Ad-Hoc|iPhoneSimulator.ActiveCfg = Debug|Any CPU
		{67E5F7BC-771D-4113-B3F4-D6DE30D0A983}.Ad-Hoc|iPhoneSimulator.Build.0 = Debug|Any CPU
		{67E5F7BC-771D-4113-B3F4-D6DE30D0A983}.Ad-Hoc|x64.ActiveCfg = Release|Any CPU
		{67E5F7BC-771D-4113-B3F4-D6DE30D0A983}.Ad-Hoc|x86.ActiveCfg = Release|Any CPU
		{67E5F7BC-771D-4113-B3F4-D6DE30D0A983}.AppStore|Any CPU.ActiveCfg = Release|Any CPU
		{67E5F7BC-771D-4113-B3F4-D6DE30D0A983}.AppStore|Any CPU.Build.0 = Release|Any CPU
		{67E5F7BC-771D-4113-B3F4-D6DE30D0A983}.AppStore|ARM.ActiveCfg = Release|Any CPU
		{67E5F7BC-771D-4113-B3F4-D6DE30D0A983}.AppStore|iPhone.ActiveCfg = Debug|Any CPU
		{67E5F7BC-771D-4113-B3F4-D6DE30D0A983}.AppStore|iPhone.Build.0 = Debug|Any CPU
		{67E5F7BC-771D-4113-B3F4-D6DE30D0A983}.AppStore|iPhoneSimulator.ActiveCfg = Debug|Any CPU
		{67E5F7BC-771D-4113-B3F4-D6DE30D0A983}.AppStore|iPhoneSimulator.Build.0 = Debug|Any CPU
		{67E5F7BC-771D-4113-B3F4-D6DE30D0A983}.AppStore|x64.ActiveCfg = Release|Any CPU
		{67E5F7BC-771D-4113-B3F4-D6DE30D0A983}.AppStore|x86.ActiveCfg = Release|Any CPU
		{67E5F7BC-771D-4113-B3F4-D6DE30D0A983}.Debug|Any CPU.ActiveCfg = Debug|Any CPU
		{67E5F7BC-771D-4113-B3F4-D6DE30D0A983}.Debug|Any CPU.Build.0 = Debug|Any CPU
		{67E5F7BC-771D-4113-B3F4-D6DE30D0A983}.Debug|ARM.ActiveCfg = Debug|Any CPU
		{67E5F7BC-771D-4113-B3F4-D6DE30D0A983}.Debug|iPhone.ActiveCfg = Debug|Any CPU
		{67E5F7BC-771D-4113-B3F4-D6DE30D0A983}.Debug|iPhone.Build.0 = Debug|Any CPU
		{67E5F7BC-771D-4113-B3F4-D6DE30D0A983}.Debug|iPhoneSimulator.ActiveCfg = Debug|Any CPU
		{67E5F7BC-771D-4113-B3F4-D6DE30D0A983}.Debug|iPhoneSimulator.Build.0 = Debug|Any CPU
		{67E5F7BC-771D-4113-B3F4-D6DE30D0A983}.Debug|x64.ActiveCfg = Debug|Any CPU
		{67E5F7BC-771D-4113-B3F4-D6DE30D0A983}.Debug|x86.ActiveCfg = Debug|Any CPU
		{67E5F7BC-771D-4113-B3F4-D6DE30D0A983}.Release|Any CPU.ActiveCfg = Release|Any CPU
		{67E5F7BC-771D-4113-B3F4-D6DE30D0A983}.Release|Any CPU.Build.0 = Release|Any CPU
		{67E5F7BC-771D-4113-B3F4-D6DE30D0A983}.Release|ARM.ActiveCfg = Release|Any CPU
		{67E5F7BC-771D-4113-B3F4-D6DE30D0A983}.Release|iPhone.ActiveCfg = Release|Any CPU
		{67E5F7BC-771D-4113-B3F4-D6DE30D0A983}.Release|iPhone.Build.0 = Release|Any CPU
		{67E5F7BC-771D-4113-B3F4-D6DE30D0A983}.Release|iPhoneSimulator.ActiveCfg = Release|Any CPU
		{67E5F7BC-771D-4113-B3F4-D6DE30D0A983}.Release|iPhoneSimulator.Build.0 = Release|Any CPU
		{67E5F7BC-771D-4113-B3F4-D6DE30D0A983}.Release|x64.ActiveCfg = Release|Any CPU
		{67E5F7BC-771D-4113-B3F4-D6DE30D0A983}.Release|x86.ActiveCfg = Release|Any CPU
		{72D7DEE9-813F-4E64-952D-F3C203D9FF23}.Ad-Hoc|Any CPU.ActiveCfg = Release|Any CPU
		{72D7DEE9-813F-4E64-952D-F3C203D9FF23}.Ad-Hoc|Any CPU.Build.0 = Release|Any CPU
		{72D7DEE9-813F-4E64-952D-F3C203D9FF23}.Ad-Hoc|ARM.ActiveCfg = Release|ARM
		{72D7DEE9-813F-4E64-952D-F3C203D9FF23}.Ad-Hoc|ARM.Build.0 = Release|ARM
		{72D7DEE9-813F-4E64-952D-F3C203D9FF23}.Ad-Hoc|iPhone.ActiveCfg = Release|Any CPU
		{72D7DEE9-813F-4E64-952D-F3C203D9FF23}.Ad-Hoc|iPhoneSimulator.ActiveCfg = Release|Any CPU
		{72D7DEE9-813F-4E64-952D-F3C203D9FF23}.Ad-Hoc|x64.ActiveCfg = Release|x64
		{72D7DEE9-813F-4E64-952D-F3C203D9FF23}.Ad-Hoc|x64.Build.0 = Release|x64
		{72D7DEE9-813F-4E64-952D-F3C203D9FF23}.Ad-Hoc|x86.ActiveCfg = Release|x86
		{72D7DEE9-813F-4E64-952D-F3C203D9FF23}.Ad-Hoc|x86.Build.0 = Release|x86
		{72D7DEE9-813F-4E64-952D-F3C203D9FF23}.AppStore|Any CPU.ActiveCfg = Release|Any CPU
		{72D7DEE9-813F-4E64-952D-F3C203D9FF23}.AppStore|Any CPU.Build.0 = Release|Any CPU
		{72D7DEE9-813F-4E64-952D-F3C203D9FF23}.AppStore|ARM.ActiveCfg = Release|ARM
		{72D7DEE9-813F-4E64-952D-F3C203D9FF23}.AppStore|ARM.Build.0 = Release|ARM
		{72D7DEE9-813F-4E64-952D-F3C203D9FF23}.AppStore|iPhone.ActiveCfg = Release|Any CPU
		{72D7DEE9-813F-4E64-952D-F3C203D9FF23}.AppStore|iPhoneSimulator.ActiveCfg = Release|Any CPU
		{72D7DEE9-813F-4E64-952D-F3C203D9FF23}.AppStore|x64.ActiveCfg = Release|x64
		{72D7DEE9-813F-4E64-952D-F3C203D9FF23}.AppStore|x64.Build.0 = Release|x64
		{72D7DEE9-813F-4E64-952D-F3C203D9FF23}.AppStore|x86.ActiveCfg = Release|x86
		{72D7DEE9-813F-4E64-952D-F3C203D9FF23}.AppStore|x86.Build.0 = Release|x86
		{72D7DEE9-813F-4E64-952D-F3C203D9FF23}.Debug|Any CPU.ActiveCfg = Debug|Any CPU
		{72D7DEE9-813F-4E64-952D-F3C203D9FF23}.Debug|Any CPU.Build.0 = Debug|Any CPU
		{72D7DEE9-813F-4E64-952D-F3C203D9FF23}.Debug|ARM.ActiveCfg = Debug|ARM
		{72D7DEE9-813F-4E64-952D-F3C203D9FF23}.Debug|ARM.Build.0 = Debug|ARM
		{72D7DEE9-813F-4E64-952D-F3C203D9FF23}.Debug|iPhone.ActiveCfg = Debug|Any CPU
		{72D7DEE9-813F-4E64-952D-F3C203D9FF23}.Debug|iPhoneSimulator.ActiveCfg = Debug|Any CPU
		{72D7DEE9-813F-4E64-952D-F3C203D9FF23}.Debug|x64.ActiveCfg = Debug|x64
		{72D7DEE9-813F-4E64-952D-F3C203D9FF23}.Debug|x64.Build.0 = Debug|x64
		{72D7DEE9-813F-4E64-952D-F3C203D9FF23}.Debug|x86.ActiveCfg = Debug|x86
		{72D7DEE9-813F-4E64-952D-F3C203D9FF23}.Debug|x86.Build.0 = Debug|x86
		{72D7DEE9-813F-4E64-952D-F3C203D9FF23}.Release|Any CPU.ActiveCfg = Release|Any CPU
		{72D7DEE9-813F-4E64-952D-F3C203D9FF23}.Release|Any CPU.Build.0 = Release|Any CPU
		{72D7DEE9-813F-4E64-952D-F3C203D9FF23}.Release|ARM.ActiveCfg = Release|ARM
		{72D7DEE9-813F-4E64-952D-F3C203D9FF23}.Release|ARM.Build.0 = Release|ARM
		{72D7DEE9-813F-4E64-952D-F3C203D9FF23}.Release|iPhone.ActiveCfg = Release|Any CPU
		{72D7DEE9-813F-4E64-952D-F3C203D9FF23}.Release|iPhoneSimulator.ActiveCfg = Release|Any CPU
		{72D7DEE9-813F-4E64-952D-F3C203D9FF23}.Release|x64.ActiveCfg = Release|x64
		{72D7DEE9-813F-4E64-952D-F3C203D9FF23}.Release|x64.Build.0 = Release|x64
		{72D7DEE9-813F-4E64-952D-F3C203D9FF23}.Release|x86.ActiveCfg = Release|x86
		{72D7DEE9-813F-4E64-952D-F3C203D9FF23}.Release|x86.Build.0 = Release|x86
		{95930C7B-05D6-4749-9A5F-10AEF964959F}.Ad-Hoc|Any CPU.ActiveCfg = Release|Any CPU
		{95930C7B-05D6-4749-9A5F-10AEF964959F}.Ad-Hoc|Any CPU.Build.0 = Release|Any CPU
		{95930C7B-05D6-4749-9A5F-10AEF964959F}.Ad-Hoc|ARM.ActiveCfg = Release|ARM
		{95930C7B-05D6-4749-9A5F-10AEF964959F}.Ad-Hoc|ARM.Build.0 = Release|ARM
		{95930C7B-05D6-4749-9A5F-10AEF964959F}.Ad-Hoc|iPhone.ActiveCfg = Release|Any CPU
		{95930C7B-05D6-4749-9A5F-10AEF964959F}.Ad-Hoc|iPhoneSimulator.ActiveCfg = Release|Any CPU
		{95930C7B-05D6-4749-9A5F-10AEF964959F}.Ad-Hoc|x64.ActiveCfg = Release|x64
		{95930C7B-05D6-4749-9A5F-10AEF964959F}.Ad-Hoc|x64.Build.0 = Release|x64
		{95930C7B-05D6-4749-9A5F-10AEF964959F}.Ad-Hoc|x86.ActiveCfg = Release|x86
		{95930C7B-05D6-4749-9A5F-10AEF964959F}.Ad-Hoc|x86.Build.0 = Release|x86
		{95930C7B-05D6-4749-9A5F-10AEF964959F}.AppStore|Any CPU.ActiveCfg = Release|Any CPU
		{95930C7B-05D6-4749-9A5F-10AEF964959F}.AppStore|Any CPU.Build.0 = Release|Any CPU
		{95930C7B-05D6-4749-9A5F-10AEF964959F}.AppStore|ARM.ActiveCfg = Release|ARM
		{95930C7B-05D6-4749-9A5F-10AEF964959F}.AppStore|ARM.Build.0 = Release|ARM
		{95930C7B-05D6-4749-9A5F-10AEF964959F}.AppStore|iPhone.ActiveCfg = Release|Any CPU
		{95930C7B-05D6-4749-9A5F-10AEF964959F}.AppStore|iPhoneSimulator.ActiveCfg = Release|Any CPU
		{95930C7B-05D6-4749-9A5F-10AEF964959F}.AppStore|x64.ActiveCfg = Release|x64
		{95930C7B-05D6-4749-9A5F-10AEF964959F}.AppStore|x64.Build.0 = Release|x64
		{95930C7B-05D6-4749-9A5F-10AEF964959F}.AppStore|x86.ActiveCfg = Release|x86
		{95930C7B-05D6-4749-9A5F-10AEF964959F}.AppStore|x86.Build.0 = Release|x86
		{95930C7B-05D6-4749-9A5F-10AEF964959F}.Debug|Any CPU.ActiveCfg = Debug|Any CPU
		{95930C7B-05D6-4749-9A5F-10AEF964959F}.Debug|Any CPU.Build.0 = Debug|Any CPU
		{95930C7B-05D6-4749-9A5F-10AEF964959F}.Debug|ARM.ActiveCfg = Debug|ARM
		{95930C7B-05D6-4749-9A5F-10AEF964959F}.Debug|ARM.Build.0 = Debug|ARM
		{95930C7B-05D6-4749-9A5F-10AEF964959F}.Debug|iPhone.ActiveCfg = Debug|Any CPU
		{95930C7B-05D6-4749-9A5F-10AEF964959F}.Debug|iPhoneSimulator.ActiveCfg = Debug|Any CPU
		{95930C7B-05D6-4749-9A5F-10AEF964959F}.Debug|x64.ActiveCfg = Debug|x64
		{95930C7B-05D6-4749-9A5F-10AEF964959F}.Debug|x64.Build.0 = Debug|x64
		{95930C7B-05D6-4749-9A5F-10AEF964959F}.Debug|x86.ActiveCfg = Debug|x86
		{95930C7B-05D6-4749-9A5F-10AEF964959F}.Debug|x86.Build.0 = Debug|x86
		{95930C7B-05D6-4749-9A5F-10AEF964959F}.Release|Any CPU.ActiveCfg = Release|Any CPU
		{95930C7B-05D6-4749-9A5F-10AEF964959F}.Release|Any CPU.Build.0 = Release|Any CPU
		{95930C7B-05D6-4749-9A5F-10AEF964959F}.Release|ARM.ActiveCfg = Release|ARM
		{95930C7B-05D6-4749-9A5F-10AEF964959F}.Release|ARM.Build.0 = Release|ARM
		{95930C7B-05D6-4749-9A5F-10AEF964959F}.Release|iPhone.ActiveCfg = Release|Any CPU
		{95930C7B-05D6-4749-9A5F-10AEF964959F}.Release|iPhoneSimulator.ActiveCfg = Release|Any CPU
		{95930C7B-05D6-4749-9A5F-10AEF964959F}.Release|x64.ActiveCfg = Release|x64
		{95930C7B-05D6-4749-9A5F-10AEF964959F}.Release|x64.Build.0 = Release|x64
		{95930C7B-05D6-4749-9A5F-10AEF964959F}.Release|x86.ActiveCfg = Release|x86
		{95930C7B-05D6-4749-9A5F-10AEF964959F}.Release|x86.Build.0 = Release|x86
		{D270B8EE-80E8-45EF-9739-729370259DB8}.Ad-Hoc|Any CPU.ActiveCfg = Release|Any CPU
		{D270B8EE-80E8-45EF-9739-729370259DB8}.Ad-Hoc|Any CPU.Build.0 = Release|Any CPU
		{D270B8EE-80E8-45EF-9739-729370259DB8}.Ad-Hoc|ARM.ActiveCfg = Release|Any CPU
		{D270B8EE-80E8-45EF-9739-729370259DB8}.Ad-Hoc|ARM.Build.0 = Release|Any CPU
		{D270B8EE-80E8-45EF-9739-729370259DB8}.Ad-Hoc|iPhone.ActiveCfg = Debug|Any CPU
		{D270B8EE-80E8-45EF-9739-729370259DB8}.Ad-Hoc|iPhone.Build.0 = Debug|Any CPU
		{D270B8EE-80E8-45EF-9739-729370259DB8}.Ad-Hoc|iPhoneSimulator.ActiveCfg = Debug|Any CPU
		{D270B8EE-80E8-45EF-9739-729370259DB8}.Ad-Hoc|iPhoneSimulator.Build.0 = Debug|Any CPU
		{D270B8EE-80E8-45EF-9739-729370259DB8}.Ad-Hoc|x64.ActiveCfg = Release|Any CPU
		{D270B8EE-80E8-45EF-9739-729370259DB8}.Ad-Hoc|x64.Build.0 = Release|Any CPU
		{D270B8EE-80E8-45EF-9739-729370259DB8}.Ad-Hoc|x86.ActiveCfg = Release|Any CPU
		{D270B8EE-80E8-45EF-9739-729370259DB8}.Ad-Hoc|x86.Build.0 = Release|Any CPU
		{D270B8EE-80E8-45EF-9739-729370259DB8}.AppStore|Any CPU.ActiveCfg = Release|Any CPU
		{D270B8EE-80E8-45EF-9739-729370259DB8}.AppStore|Any CPU.Build.0 = Release|Any CPU
		{D270B8EE-80E8-45EF-9739-729370259DB8}.AppStore|ARM.ActiveCfg = Release|Any CPU
		{D270B8EE-80E8-45EF-9739-729370259DB8}.AppStore|ARM.Build.0 = Release|Any CPU
		{D270B8EE-80E8-45EF-9739-729370259DB8}.AppStore|iPhone.ActiveCfg = Debug|Any CPU
		{D270B8EE-80E8-45EF-9739-729370259DB8}.AppStore|iPhone.Build.0 = Debug|Any CPU
		{D270B8EE-80E8-45EF-9739-729370259DB8}.AppStore|iPhoneSimulator.ActiveCfg = Debug|Any CPU
		{D270B8EE-80E8-45EF-9739-729370259DB8}.AppStore|iPhoneSimulator.Build.0 = Debug|Any CPU
		{D270B8EE-80E8-45EF-9739-729370259DB8}.AppStore|x64.ActiveCfg = Release|Any CPU
		{D270B8EE-80E8-45EF-9739-729370259DB8}.AppStore|x64.Build.0 = Release|Any CPU
		{D270B8EE-80E8-45EF-9739-729370259DB8}.AppStore|x86.ActiveCfg = Release|Any CPU
		{D270B8EE-80E8-45EF-9739-729370259DB8}.AppStore|x86.Build.0 = Release|Any CPU
		{D270B8EE-80E8-45EF-9739-729370259DB8}.Debug|Any CPU.ActiveCfg = Debug|Any CPU
		{D270B8EE-80E8-45EF-9739-729370259DB8}.Debug|Any CPU.Build.0 = Debug|Any CPU
		{D270B8EE-80E8-45EF-9739-729370259DB8}.Debug|ARM.ActiveCfg = Debug|Any CPU
		{D270B8EE-80E8-45EF-9739-729370259DB8}.Debug|ARM.Build.0 = Debug|Any CPU
		{D270B8EE-80E8-45EF-9739-729370259DB8}.Debug|iPhone.ActiveCfg = Debug|Any CPU
		{D270B8EE-80E8-45EF-9739-729370259DB8}.Debug|iPhone.Build.0 = Debug|Any CPU
		{D270B8EE-80E8-45EF-9739-729370259DB8}.Debug|iPhoneSimulator.ActiveCfg = Debug|Any CPU
		{D270B8EE-80E8-45EF-9739-729370259DB8}.Debug|iPhoneSimulator.Build.0 = Debug|Any CPU
		{D270B8EE-80E8-45EF-9739-729370259DB8}.Debug|x64.ActiveCfg = Debug|Any CPU
		{D270B8EE-80E8-45EF-9739-729370259DB8}.Debug|x64.Build.0 = Debug|Any CPU
		{D270B8EE-80E8-45EF-9739-729370259DB8}.Debug|x86.ActiveCfg = Debug|Any CPU
		{D270B8EE-80E8-45EF-9739-729370259DB8}.Debug|x86.Build.0 = Debug|Any CPU
		{D270B8EE-80E8-45EF-9739-729370259DB8}.Release|Any CPU.ActiveCfg = Release|Any CPU
		{D270B8EE-80E8-45EF-9739-729370259DB8}.Release|Any CPU.Build.0 = Release|Any CPU
		{D270B8EE-80E8-45EF-9739-729370259DB8}.Release|ARM.ActiveCfg = Release|Any CPU
		{D270B8EE-80E8-45EF-9739-729370259DB8}.Release|ARM.Build.0 = Release|Any CPU
		{D270B8EE-80E8-45EF-9739-729370259DB8}.Release|iPhone.ActiveCfg = Release|Any CPU
		{D270B8EE-80E8-45EF-9739-729370259DB8}.Release|iPhone.Build.0 = Release|Any CPU
		{D270B8EE-80E8-45EF-9739-729370259DB8}.Release|iPhoneSimulator.ActiveCfg = Release|Any CPU
		{D270B8EE-80E8-45EF-9739-729370259DB8}.Release|iPhoneSimulator.Build.0 = Release|Any CPU
		{D270B8EE-80E8-45EF-9739-729370259DB8}.Release|x64.ActiveCfg = Release|Any CPU
		{D270B8EE-80E8-45EF-9739-729370259DB8}.Release|x64.Build.0 = Release|Any CPU
		{D270B8EE-80E8-45EF-9739-729370259DB8}.Release|x86.ActiveCfg = Release|Any CPU
		{D270B8EE-80E8-45EF-9739-729370259DB8}.Release|x86.Build.0 = Release|Any CPU
		{ECDB1073-5AA0-45B7-A2E6-4F2B9792FBF5}.Ad-Hoc|Any CPU.ActiveCfg = Release|Any CPU
		{ECDB1073-5AA0-45B7-A2E6-4F2B9792FBF5}.Ad-Hoc|ARM.ActiveCfg = Release|Any CPU
		{ECDB1073-5AA0-45B7-A2E6-4F2B9792FBF5}.Ad-Hoc|iPhone.ActiveCfg = Debug|Any CPU
		{ECDB1073-5AA0-45B7-A2E6-4F2B9792FBF5}.Ad-Hoc|iPhone.Build.0 = Debug|Any CPU
		{ECDB1073-5AA0-45B7-A2E6-4F2B9792FBF5}.Ad-Hoc|iPhoneSimulator.ActiveCfg = Debug|Any CPU
		{ECDB1073-5AA0-45B7-A2E6-4F2B9792FBF5}.Ad-Hoc|iPhoneSimulator.Build.0 = Debug|Any CPU
		{ECDB1073-5AA0-45B7-A2E6-4F2B9792FBF5}.Ad-Hoc|x64.ActiveCfg = Release|Any CPU
		{ECDB1073-5AA0-45B7-A2E6-4F2B9792FBF5}.Ad-Hoc|x86.ActiveCfg = Release|Any CPU
		{ECDB1073-5AA0-45B7-A2E6-4F2B9792FBF5}.AppStore|Any CPU.ActiveCfg = Release|Any CPU
		{ECDB1073-5AA0-45B7-A2E6-4F2B9792FBF5}.AppStore|ARM.ActiveCfg = Release|Any CPU
		{ECDB1073-5AA0-45B7-A2E6-4F2B9792FBF5}.AppStore|iPhone.ActiveCfg = Debug|Any CPU
		{ECDB1073-5AA0-45B7-A2E6-4F2B9792FBF5}.AppStore|iPhone.Build.0 = Debug|Any CPU
		{ECDB1073-5AA0-45B7-A2E6-4F2B9792FBF5}.AppStore|iPhoneSimulator.ActiveCfg = Debug|Any CPU
		{ECDB1073-5AA0-45B7-A2E6-4F2B9792FBF5}.AppStore|iPhoneSimulator.Build.0 = Debug|Any CPU
		{ECDB1073-5AA0-45B7-A2E6-4F2B9792FBF5}.AppStore|x64.ActiveCfg = Release|Any CPU
		{ECDB1073-5AA0-45B7-A2E6-4F2B9792FBF5}.AppStore|x86.ActiveCfg = Release|Any CPU
		{ECDB1073-5AA0-45B7-A2E6-4F2B9792FBF5}.Debug|Any CPU.ActiveCfg = Debug|Any CPU
		{ECDB1073-5AA0-45B7-A2E6-4F2B9792FBF5}.Debug|Any CPU.Build.0 = Debug|Any CPU
		{ECDB1073-5AA0-45B7-A2E6-4F2B9792FBF5}.Debug|ARM.ActiveCfg = Debug|Any CPU
		{ECDB1073-5AA0-45B7-A2E6-4F2B9792FBF5}.Debug|iPhone.ActiveCfg = Debug|Any CPU
		{ECDB1073-5AA0-45B7-A2E6-4F2B9792FBF5}.Debug|iPhone.Build.0 = Debug|Any CPU
		{ECDB1073-5AA0-45B7-A2E6-4F2B9792FBF5}.Debug|iPhoneSimulator.ActiveCfg = Debug|Any CPU
		{ECDB1073-5AA0-45B7-A2E6-4F2B9792FBF5}.Debug|iPhoneSimulator.Build.0 = Debug|Any CPU
		{ECDB1073-5AA0-45B7-A2E6-4F2B9792FBF5}.Debug|x64.ActiveCfg = Debug|Any CPU
		{ECDB1073-5AA0-45B7-A2E6-4F2B9792FBF5}.Debug|x86.ActiveCfg = Debug|Any CPU
		{ECDB1073-5AA0-45B7-A2E6-4F2B9792FBF5}.Release|Any CPU.ActiveCfg = Release|Any CPU
		{ECDB1073-5AA0-45B7-A2E6-4F2B9792FBF5}.Release|Any CPU.Build.0 = Release|Any CPU
		{ECDB1073-5AA0-45B7-A2E6-4F2B9792FBF5}.Release|ARM.ActiveCfg = Release|Any CPU
		{ECDB1073-5AA0-45B7-A2E6-4F2B9792FBF5}.Release|iPhone.ActiveCfg = Release|Any CPU
		{ECDB1073-5AA0-45B7-A2E6-4F2B9792FBF5}.Release|iPhone.Build.0 = Release|Any CPU
		{ECDB1073-5AA0-45B7-A2E6-4F2B9792FBF5}.Release|iPhoneSimulator.ActiveCfg = Release|Any CPU
		{ECDB1073-5AA0-45B7-A2E6-4F2B9792FBF5}.Release|iPhoneSimulator.Build.0 = Release|Any CPU
		{ECDB1073-5AA0-45B7-A2E6-4F2B9792FBF5}.Release|x64.ActiveCfg = Release|Any CPU
		{ECDB1073-5AA0-45B7-A2E6-4F2B9792FBF5}.Release|x86.ActiveCfg = Release|Any CPU
	EndGlobalSection
	GlobalSection(NestedProjects) = preSolution
		{ECDB1073-5AA0-45B7-A2E6-4F2B9792FBF5} = {6EC56474-C16A-467D-AF0B-32E2F4484320}
		{72D7DEE9-813F-4E64-952D-F3C203D9FF23} = {6EC56474-C16A-467D-AF0B-32E2F4484320}
	EndGlobalSection
	GlobalSection(MonoDevelopProperties) = preSolution
		StartupItem = JabbrMobile.UI.Android\JabbrMobile.Android.csproj
	EndGlobalSection
	GlobalSection(SolutionProperties) = preSolution
		HideSolutionNode = FALSE
	EndGlobalSection
EndGlobal
