
Microsoft Visual Studio Solution File, Format Version 11.00
# Visual Studio 2010
Project("{2150E333-8FDC-42A3-9474-1A3956D46DE8}") = "Jabbr.Client", "Jabbr.Client", "{6EC56474-C16A-467D-AF0B-32E2F4484320}"
EndProject
Project("{FAE04EC0-301F-11D3-BF4B-00C04F79EFBC}") = "JabbR.Client.iOS", "JabbR\JabbR.Client.iOS\JabbR.Client.iOS.csproj", "{E28DCE24-90F9-4275-95D3-BABEDADF114B}"
EndProject
Project("{FAE04EC0-301F-11D3-BF4B-00C04F79EFBC}") = "JabbR.Client.Android", "JabbR\JabbR.Client.Android\JabbR.Client.Android.csproj", "{ECDB1073-5AA0-45B7-A2E6-4F2B9792FBF5}"
EndProject
Project("{FAE04EC0-301F-11D3-BF4B-00C04F79EFBC}") = "SlidingMenuSharp", "SlidingMenuSharp\SlidingMenuSharp\SlidingMenuSharp.csproj", "{555937D8-1533-4D19-A346-55C192C35A5D}"
EndProject
Project("{FAE04EC0-301F-11D3-BF4B-00C04F79EFBC}") = "JabbrMobile.Common.Android", "JabbrMobile.Common.Android\JabbrMobile.Common.Android.csproj", "{67E5F7BC-771D-4113-B3F4-D6DE30D0A983}"
EndProject
Project("{FAE04EC0-301F-11D3-BF4B-00C04F79EFBC}") = "JabbrMobile.Android", "JabbrMobile.UI.Android\JabbrMobile.Android.csproj", "{D270B8EE-80E8-45EF-9739-729370259DB8}"
EndProject
Global
	GlobalSection(SolutionConfigurationPlatforms) = preSolution
		Debug|Any CPU = Debug|Any CPU
		Release|Any CPU = Release|Any CPU
		Debug|iPhoneSimulator = Debug|iPhoneSimulator
		Release|iPhoneSimulator = Release|iPhoneSimulator
		Debug|iPhone = Debug|iPhone
		Release|iPhone = Release|iPhone
		Ad-Hoc|iPhone = Ad-Hoc|iPhone
		AppStore|iPhone = AppStore|iPhone
		Ad-Hoc|iPhoneSimulator = Ad-Hoc|iPhoneSimulator
		AppStore|iPhoneSimulator = AppStore|iPhoneSimulator
	EndGlobalSection
	GlobalSection(ProjectConfigurationPlatforms) = postSolution
		{555937D8-1533-4D19-A346-55C192C35A5D}.Ad-Hoc|iPhone.ActiveCfg = Debug|Any CPU
		{555937D8-1533-4D19-A346-55C192C35A5D}.Ad-Hoc|iPhone.Build.0 = Debug|Any CPU
		{555937D8-1533-4D19-A346-55C192C35A5D}.Ad-Hoc|iPhoneSimulator.ActiveCfg = Debug|Any CPU
		{555937D8-1533-4D19-A346-55C192C35A5D}.Ad-Hoc|iPhoneSimulator.Build.0 = Debug|Any CPU
		{555937D8-1533-4D19-A346-55C192C35A5D}.AppStore|iPhone.ActiveCfg = Debug|Any CPU
		{555937D8-1533-4D19-A346-55C192C35A5D}.AppStore|iPhone.Build.0 = Debug|Any CPU
		{555937D8-1533-4D19-A346-55C192C35A5D}.AppStore|iPhoneSimulator.ActiveCfg = Debug|Any CPU
		{555937D8-1533-4D19-A346-55C192C35A5D}.AppStore|iPhoneSimulator.Build.0 = Debug|Any CPU
		{555937D8-1533-4D19-A346-55C192C35A5D}.Debug|Any CPU.ActiveCfg = Debug|Any CPU
		{555937D8-1533-4D19-A346-55C192C35A5D}.Debug|Any CPU.Build.0 = Debug|Any CPU
		{555937D8-1533-4D19-A346-55C192C35A5D}.Debug|iPhone.ActiveCfg = Debug|Any CPU
		{555937D8-1533-4D19-A346-55C192C35A5D}.Debug|iPhone.Build.0 = Debug|Any CPU
		{555937D8-1533-4D19-A346-55C192C35A5D}.Debug|iPhoneSimulator.ActiveCfg = Debug|Any CPU
		{555937D8-1533-4D19-A346-55C192C35A5D}.Debug|iPhoneSimulator.Build.0 = Debug|Any CPU
		{555937D8-1533-4D19-A346-55C192C35A5D}.Release|Any CPU.ActiveCfg = Release|Any CPU
		{555937D8-1533-4D19-A346-55C192C35A5D}.Release|Any CPU.Build.0 = Release|Any CPU
		{555937D8-1533-4D19-A346-55C192C35A5D}.Release|iPhone.ActiveCfg = Release|Any CPU
		{555937D8-1533-4D19-A346-55C192C35A5D}.Release|iPhone.Build.0 = Release|Any CPU
		{555937D8-1533-4D19-A346-55C192C35A5D}.Release|iPhoneSimulator.ActiveCfg = Release|Any CPU
		{555937D8-1533-4D19-A346-55C192C35A5D}.Release|iPhoneSimulator.Build.0 = Release|Any CPU
		{67E5F7BC-771D-4113-B3F4-D6DE30D0A983}.Ad-Hoc|iPhone.ActiveCfg = Debug|Any CPU
		{67E5F7BC-771D-4113-B3F4-D6DE30D0A983}.Ad-Hoc|iPhone.Build.0 = Debug|Any CPU
		{67E5F7BC-771D-4113-B3F4-D6DE30D0A983}.Ad-Hoc|iPhoneSimulator.ActiveCfg = Debug|Any CPU
		{67E5F7BC-771D-4113-B3F4-D6DE30D0A983}.Ad-Hoc|iPhoneSimulator.Build.0 = Debug|Any CPU
		{67E5F7BC-771D-4113-B3F4-D6DE30D0A983}.AppStore|iPhone.ActiveCfg = Debug|Any CPU
		{67E5F7BC-771D-4113-B3F4-D6DE30D0A983}.AppStore|iPhone.Build.0 = Debug|Any CPU
		{67E5F7BC-771D-4113-B3F4-D6DE30D0A983}.AppStore|iPhoneSimulator.ActiveCfg = Debug|Any CPU
		{67E5F7BC-771D-4113-B3F4-D6DE30D0A983}.AppStore|iPhoneSimulator.Build.0 = Debug|Any CPU
		{67E5F7BC-771D-4113-B3F4-D6DE30D0A983}.Debug|Any CPU.ActiveCfg = Debug|Any CPU
		{67E5F7BC-771D-4113-B3F4-D6DE30D0A983}.Debug|Any CPU.Build.0 = Debug|Any CPU
		{67E5F7BC-771D-4113-B3F4-D6DE30D0A983}.Debug|iPhone.ActiveCfg = Debug|Any CPU
		{67E5F7BC-771D-4113-B3F4-D6DE30D0A983}.Debug|iPhone.Build.0 = Debug|Any CPU
		{67E5F7BC-771D-4113-B3F4-D6DE30D0A983}.Debug|iPhoneSimulator.ActiveCfg = Debug|Any CPU
		{67E5F7BC-771D-4113-B3F4-D6DE30D0A983}.Debug|iPhoneSimulator.Build.0 = Debug|Any CPU
		{67E5F7BC-771D-4113-B3F4-D6DE30D0A983}.Release|Any CPU.ActiveCfg = Release|Any CPU
		{67E5F7BC-771D-4113-B3F4-D6DE30D0A983}.Release|Any CPU.Build.0 = Release|Any CPU
		{67E5F7BC-771D-4113-B3F4-D6DE30D0A983}.Release|iPhone.ActiveCfg = Release|Any CPU
		{67E5F7BC-771D-4113-B3F4-D6DE30D0A983}.Release|iPhone.Build.0 = Release|Any CPU
		{67E5F7BC-771D-4113-B3F4-D6DE30D0A983}.Release|iPhoneSimulator.ActiveCfg = Release|Any CPU
		{67E5F7BC-771D-4113-B3F4-D6DE30D0A983}.Release|iPhoneSimulator.Build.0 = Release|Any CPU
		{D270B8EE-80E8-45EF-9739-729370259DB8}.Ad-Hoc|iPhone.ActiveCfg = Debug|Any CPU
		{D270B8EE-80E8-45EF-9739-729370259DB8}.Ad-Hoc|iPhone.Build.0 = Debug|Any CPU
		{D270B8EE-80E8-45EF-9739-729370259DB8}.Ad-Hoc|iPhoneSimulator.ActiveCfg = Debug|Any CPU
		{D270B8EE-80E8-45EF-9739-729370259DB8}.Ad-Hoc|iPhoneSimulator.Build.0 = Debug|Any CPU
		{D270B8EE-80E8-45EF-9739-729370259DB8}.AppStore|iPhone.ActiveCfg = Debug|Any CPU
		{D270B8EE-80E8-45EF-9739-729370259DB8}.AppStore|iPhone.Build.0 = Debug|Any CPU
		{D270B8EE-80E8-45EF-9739-729370259DB8}.AppStore|iPhoneSimulator.ActiveCfg = Debug|Any CPU
		{D270B8EE-80E8-45EF-9739-729370259DB8}.AppStore|iPhoneSimulator.Build.0 = Debug|Any CPU
		{D270B8EE-80E8-45EF-9739-729370259DB8}.Debug|Any CPU.ActiveCfg = Debug|Any CPU
		{D270B8EE-80E8-45EF-9739-729370259DB8}.Debug|Any CPU.Build.0 = Debug|Any CPU
		{D270B8EE-80E8-45EF-9739-729370259DB8}.Debug|iPhone.ActiveCfg = Debug|Any CPU
		{D270B8EE-80E8-45EF-9739-729370259DB8}.Debug|iPhone.Build.0 = Debug|Any CPU
		{D270B8EE-80E8-45EF-9739-729370259DB8}.Debug|iPhoneSimulator.ActiveCfg = Debug|Any CPU
		{D270B8EE-80E8-45EF-9739-729370259DB8}.Debug|iPhoneSimulator.Build.0 = Debug|Any CPU
		{D270B8EE-80E8-45EF-9739-729370259DB8}.Release|Any CPU.ActiveCfg = Release|Any CPU
		{D270B8EE-80E8-45EF-9739-729370259DB8}.Release|Any CPU.Build.0 = Release|Any CPU
		{D270B8EE-80E8-45EF-9739-729370259DB8}.Release|iPhone.ActiveCfg = Release|Any CPU
		{D270B8EE-80E8-45EF-9739-729370259DB8}.Release|iPhone.Build.0 = Release|Any CPU
		{D270B8EE-80E8-45EF-9739-729370259DB8}.Release|iPhoneSimulator.ActiveCfg = Release|Any CPU
		{D270B8EE-80E8-45EF-9739-729370259DB8}.Release|iPhoneSimulator.Build.0 = Release|Any CPU
		{E28DCE24-90F9-4275-95D3-BABEDADF114B}.Ad-Hoc|iPhone.ActiveCfg = Debug|Any CPU
		{E28DCE24-90F9-4275-95D3-BABEDADF114B}.Ad-Hoc|iPhone.Build.0 = Debug|Any CPU
		{E28DCE24-90F9-4275-95D3-BABEDADF114B}.Ad-Hoc|iPhoneSimulator.ActiveCfg = Debug|Any CPU
		{E28DCE24-90F9-4275-95D3-BABEDADF114B}.Ad-Hoc|iPhoneSimulator.Build.0 = Debug|Any CPU
		{E28DCE24-90F9-4275-95D3-BABEDADF114B}.AppStore|iPhone.ActiveCfg = Debug|Any CPU
		{E28DCE24-90F9-4275-95D3-BABEDADF114B}.AppStore|iPhone.Build.0 = Debug|Any CPU
		{E28DCE24-90F9-4275-95D3-BABEDADF114B}.AppStore|iPhoneSimulator.ActiveCfg = Debug|Any CPU
		{E28DCE24-90F9-4275-95D3-BABEDADF114B}.AppStore|iPhoneSimulator.Build.0 = Debug|Any CPU
		{E28DCE24-90F9-4275-95D3-BABEDADF114B}.Debug|Any CPU.ActiveCfg = Debug|Any CPU
		{E28DCE24-90F9-4275-95D3-BABEDADF114B}.Debug|Any CPU.Build.0 = Debug|Any CPU
		{E28DCE24-90F9-4275-95D3-BABEDADF114B}.Debug|iPhone.ActiveCfg = Debug|Any CPU
		{E28DCE24-90F9-4275-95D3-BABEDADF114B}.Debug|iPhone.Build.0 = Debug|Any CPU
		{E28DCE24-90F9-4275-95D3-BABEDADF114B}.Debug|iPhoneSimulator.ActiveCfg = Debug|Any CPU
		{E28DCE24-90F9-4275-95D3-BABEDADF114B}.Debug|iPhoneSimulator.Build.0 = Debug|Any CPU
		{E28DCE24-90F9-4275-95D3-BABEDADF114B}.Release|Any CPU.ActiveCfg = Release|Any CPU
		{E28DCE24-90F9-4275-95D3-BABEDADF114B}.Release|Any CPU.Build.0 = Release|Any CPU
		{E28DCE24-90F9-4275-95D3-BABEDADF114B}.Release|iPhone.ActiveCfg = Release|Any CPU
		{E28DCE24-90F9-4275-95D3-BABEDADF114B}.Release|iPhone.Build.0 = Release|Any CPU
		{E28DCE24-90F9-4275-95D3-BABEDADF114B}.Release|iPhoneSimulator.ActiveCfg = Release|Any CPU
		{E28DCE24-90F9-4275-95D3-BABEDADF114B}.Release|iPhoneSimulator.Build.0 = Release|Any CPU
		{ECDB1073-5AA0-45B7-A2E6-4F2B9792FBF5}.Ad-Hoc|iPhone.ActiveCfg = Debug|Any CPU
		{ECDB1073-5AA0-45B7-A2E6-4F2B9792FBF5}.Ad-Hoc|iPhone.Build.0 = Debug|Any CPU
		{ECDB1073-5AA0-45B7-A2E6-4F2B9792FBF5}.Ad-Hoc|iPhoneSimulator.ActiveCfg = Debug|Any CPU
		{ECDB1073-5AA0-45B7-A2E6-4F2B9792FBF5}.Ad-Hoc|iPhoneSimulator.Build.0 = Debug|Any CPU
		{ECDB1073-5AA0-45B7-A2E6-4F2B9792FBF5}.AppStore|iPhone.ActiveCfg = Debug|Any CPU
		{ECDB1073-5AA0-45B7-A2E6-4F2B9792FBF5}.AppStore|iPhone.Build.0 = Debug|Any CPU
		{ECDB1073-5AA0-45B7-A2E6-4F2B9792FBF5}.AppStore|iPhoneSimulator.ActiveCfg = Debug|Any CPU
		{ECDB1073-5AA0-45B7-A2E6-4F2B9792FBF5}.AppStore|iPhoneSimulator.Build.0 = Debug|Any CPU
		{ECDB1073-5AA0-45B7-A2E6-4F2B9792FBF5}.Debug|Any CPU.ActiveCfg = Debug|Any CPU
		{ECDB1073-5AA0-45B7-A2E6-4F2B9792FBF5}.Debug|Any CPU.Build.0 = Debug|Any CPU
		{ECDB1073-5AA0-45B7-A2E6-4F2B9792FBF5}.Debug|iPhone.ActiveCfg = Debug|Any CPU
		{ECDB1073-5AA0-45B7-A2E6-4F2B9792FBF5}.Debug|iPhone.Build.0 = Debug|Any CPU
		{ECDB1073-5AA0-45B7-A2E6-4F2B9792FBF5}.Debug|iPhoneSimulator.ActiveCfg = Debug|Any CPU
		{ECDB1073-5AA0-45B7-A2E6-4F2B9792FBF5}.Debug|iPhoneSimulator.Build.0 = Debug|Any CPU
		{ECDB1073-5AA0-45B7-A2E6-4F2B9792FBF5}.Release|Any CPU.ActiveCfg = Release|Any CPU
		{ECDB1073-5AA0-45B7-A2E6-4F2B9792FBF5}.Release|Any CPU.Build.0 = Release|Any CPU
		{ECDB1073-5AA0-45B7-A2E6-4F2B9792FBF5}.Release|iPhone.ActiveCfg = Release|Any CPU
		{ECDB1073-5AA0-45B7-A2E6-4F2B9792FBF5}.Release|iPhone.Build.0 = Release|Any CPU
		{ECDB1073-5AA0-45B7-A2E6-4F2B9792FBF5}.Release|iPhoneSimulator.ActiveCfg = Release|Any CPU
		{ECDB1073-5AA0-45B7-A2E6-4F2B9792FBF5}.Release|iPhoneSimulator.Build.0 = Release|Any CPU
	EndGlobalSection
	GlobalSection(NestedProjects) = preSolution
		{E28DCE24-90F9-4275-95D3-BABEDADF114B} = {6EC56474-C16A-467D-AF0B-32E2F4484320}
		{ECDB1073-5AA0-45B7-A2E6-4F2B9792FBF5} = {6EC56474-C16A-467D-AF0B-32E2F4484320}
	EndGlobalSection
	GlobalSection(MonoDevelopProperties) = preSolution
		StartupItem = JabbrMobile.UI.Android\JabbrMobile.Android.csproj
	EndGlobalSection
EndGlobal
